# This file is automatically @generated by Poetry 1.4.0 and should not be changed by hand.

[[package]]
name = "anyio"
version = "3.7.1"
description = "High level compatibility layer for multiple asynchronous event loop implementations"
category = "main"
optional = false
python-versions = ">=3.7"
files = [
    {file = "anyio-3.7.1-py3-none-any.whl", hash = "sha256:91dee416e570e92c64041bd18b900d1d6fa78dff7048769ce5ac5ddad004fbb5"},
    {file = "anyio-3.7.1.tar.gz", hash = "sha256:44a3c9aba0f5defa43261a8b3efb97891f2bd7d804e0e1f56419befa1adfc780"},
]

[package.dependencies]
idna = ">=2.8"
sniffio = ">=1.1"

[package.extras]
doc = ["Sphinx", "packaging", "sphinx-autodoc-typehints (>=1.2.0)", "sphinx-rtd-theme (>=1.2.2)", "sphinxcontrib-jquery"]
test = ["anyio[trio]", "coverage[toml] (>=4.5)", "hypothesis (>=4.0)", "mock (>=4)", "psutil (>=5.9)", "pytest (>=7.0)", "pytest-mock (>=3.6.1)", "trustme", "uvloop (>=0.17)"]
trio = ["trio (<0.22)"]

[[package]]
name = "asyncpg"
version = "0.28.0"
description = "An asyncio PostgreSQL driver"
category = "main"
optional = false
python-versions = ">=3.7.0"
files = [
    {file = "asyncpg-0.28.0-cp310-cp310-macosx_10_9_x86_64.whl", hash = "sha256:0a6d1b954d2b296292ddff4e0060f494bb4270d87fb3655dd23c5c6096d16d83"},
    {file = "asyncpg-0.28.0-cp310-cp310-macosx_11_0_arm64.whl", hash = "sha256:0740f836985fd2bd73dca42c50c6074d1d61376e134d7ad3ad7566c4f79f8184"},
    {file = "asyncpg-0.28.0-cp310-cp310-manylinux_2_17_aarch64.manylinux2014_aarch64.whl", hash = "sha256:e907cf620a819fab1737f2dd90c0f185e2a796f139ac7de6aa3212a8af96c050"},
    {file = "asyncpg-0.28.0-cp310-cp310-manylinux_2_17_x86_64.manylinux2014_x86_64.whl", hash = "sha256:86b339984d55e8202e0c4b252e9573e26e5afa05617ed02252544f7b3e6de3e9"},
    {file = "asyncpg-0.28.0-cp310-cp310-musllinux_1_1_aarch64.whl", hash = "sha256:0c402745185414e4c204a02daca3d22d732b37359db4d2e705172324e2d94e85"},
    {file = "asyncpg-0.28.0-cp310-cp310-musllinux_1_1_x86_64.whl", hash = "sha256:c88eef5e096296626e9688f00ab627231f709d0e7e3fb84bb4413dff81d996d7"},
    {file = "asyncpg-0.28.0-cp310-cp310-win32.whl", hash = "sha256:90a7bae882a9e65a9e448fdad3e090c2609bb4637d2a9c90bfdcebbfc334bf89"},
    {file = "asyncpg-0.28.0-cp310-cp310-win_amd64.whl", hash = "sha256:76aacdcd5e2e9999e83c8fbcb748208b60925cc714a578925adcb446d709016c"},
    {file = "asyncpg-0.28.0-cp311-cp311-macosx_10_9_x86_64.whl", hash = "sha256:a0e08fe2c9b3618459caaef35979d45f4e4f8d4f79490c9fa3367251366af207"},
    {file = "asyncpg-0.28.0-cp311-cp311-macosx_11_0_arm64.whl", hash = "sha256:b24e521f6060ff5d35f761a623b0042c84b9c9b9fb82786aadca95a9cb4a893b"},
    {file = "asyncpg-0.28.0-cp311-cp311-manylinux_2_17_aarch64.manylinux2014_aarch64.whl", hash = "sha256:99417210461a41891c4ff301490a8713d1ca99b694fef05dabd7139f9d64bd6c"},
    {file = "asyncpg-0.28.0-cp311-cp311-manylinux_2_17_x86_64.manylinux2014_x86_64.whl", hash = "sha256:f029c5adf08c47b10bcdc857001bbef551ae51c57b3110964844a9d79ca0f267"},
    {file = "asyncpg-0.28.0-cp311-cp311-musllinux_1_1_aarch64.whl", hash = "sha256:ad1d6abf6c2f5152f46fff06b0e74f25800ce8ec6c80967f0bc789974de3c652"},
    {file = "asyncpg-0.28.0-cp311-cp311-musllinux_1_1_x86_64.whl", hash = "sha256:d7fa81ada2807bc50fea1dc741b26a4e99258825ba55913b0ddbf199a10d69d8"},
    {file = "asyncpg-0.28.0-cp311-cp311-win32.whl", hash = "sha256:f33c5685e97821533df3ada9384e7784bd1e7865d2b22f153f2e4bd4a083e102"},
    {file = "asyncpg-0.28.0-cp311-cp311-win_amd64.whl", hash = "sha256:5e7337c98fb493079d686a4a6965e8bcb059b8e1b8ec42106322fc6c1c889bb0"},
    {file = "asyncpg-0.28.0-cp37-cp37m-macosx_10_9_x86_64.whl", hash = "sha256:1c56092465e718a9fdcc726cc3d9dcf3a692e4834031c9a9f871d92a75d20d48"},
    {file = "asyncpg-0.28.0-cp37-cp37m-manylinux_2_17_aarch64.manylinux2014_aarch64.whl", hash = "sha256:4acd6830a7da0eb4426249d71353e8895b350daae2380cb26d11e0d4a01c5472"},
    {file = "asyncpg-0.28.0-cp37-cp37m-manylinux_2_17_x86_64.manylinux2014_x86_64.whl", hash = "sha256:63861bb4a540fa033a56db3bb58b0c128c56fad5d24e6d0a8c37cb29b17c1c7d"},
    {file = "asyncpg-0.28.0-cp37-cp37m-musllinux_1_1_aarch64.whl", hash = "sha256:a93a94ae777c70772073d0512f21c74ac82a8a49be3a1d982e3f259ab5f27307"},
    {file = "asyncpg-0.28.0-cp37-cp37m-musllinux_1_1_x86_64.whl", hash = "sha256:d14681110e51a9bc9c065c4e7944e8139076a778e56d6f6a306a26e740ed86d2"},
    {file = "asyncpg-0.28.0-cp37-cp37m-win32.whl", hash = "sha256:8aec08e7310f9ab322925ae5c768532e1d78cfb6440f63c078b8392a38aa636a"},
    {file = "asyncpg-0.28.0-cp37-cp37m-win_amd64.whl", hash = "sha256:319f5fa1ab0432bc91fb39b3960b0d591e6b5c7844dafc92c79e3f1bff96abef"},
    {file = "asyncpg-0.28.0-cp38-cp38-macosx_10_9_x86_64.whl", hash = "sha256:b337ededaabc91c26bf577bfcd19b5508d879c0ad009722be5bb0a9dd30b85a0"},
    {file = "asyncpg-0.28.0-cp38-cp38-macosx_11_0_arm64.whl", hash = "sha256:4d32b680a9b16d2957a0a3cc6b7fa39068baba8e6b728f2e0a148a67644578f4"},
    {file = "asyncpg-0.28.0-cp38-cp38-manylinux_2_17_aarch64.manylinux2014_aarch64.whl", hash = "sha256:f4f62f04cdf38441a70f279505ef3b4eadf64479b17e707c950515846a2df197"},
    {file = "asyncpg-0.28.0-cp38-cp38-manylinux_2_17_x86_64.manylinux2014_x86_64.whl", hash = "sha256:4f20cac332c2576c79c2e8e6464791c1f1628416d1115935a34ddd7121bfc6a4"},
    {file = "asyncpg-0.28.0-cp38-cp38-musllinux_1_1_aarch64.whl", hash = "sha256:59f9712ce01e146ff71d95d561fb68bd2d588a35a187116ef05028675462d5ed"},
    {file = "asyncpg-0.28.0-cp38-cp38-musllinux_1_1_x86_64.whl", hash = "sha256:fc9e9f9ff1aa0eddcc3247a180ac9e9b51a62311e988809ac6152e8fb8097756"},
    {file = "asyncpg-0.28.0-cp38-cp38-win32.whl", hash = "sha256:9e721dccd3838fcff66da98709ed884df1e30a95f6ba19f595a3706b4bc757e3"},
    {file = "asyncpg-0.28.0-cp38-cp38-win_amd64.whl", hash = "sha256:8ba7d06a0bea539e0487234511d4adf81dc8762249858ed2a580534e1720db00"},
    {file = "asyncpg-0.28.0-cp39-cp39-macosx_10_9_x86_64.whl", hash = "sha256:d009b08602b8b18edef3a731f2ce6d3f57d8dac2a0a4140367e194eabd3de457"},
    {file = "asyncpg-0.28.0-cp39-cp39-macosx_11_0_arm64.whl", hash = "sha256:ec46a58d81446d580fb21b376ec6baecab7288ce5a578943e2fc7ab73bf7eb39"},
    {file = "asyncpg-0.28.0-cp39-cp39-manylinux_2_17_aarch64.manylinux2014_aarch64.whl", hash = "sha256:7b48ceed606cce9e64fd5480a9b0b9a95cea2b798bb95129687abd8599c8b019"},
    {file = "asyncpg-0.28.0-cp39-cp39-manylinux_2_17_x86_64.manylinux2014_x86_64.whl", hash = "sha256:8858f713810f4fe67876728680f42e93b7e7d5c7b61cf2118ef9153ec16b9423"},
    {file = "asyncpg-0.28.0-cp39-cp39-musllinux_1_1_aarch64.whl", hash = "sha256:5e18438a0730d1c0c1715016eacda6e9a505fc5aa931b37c97d928d44941b4bf"},
    {file = "asyncpg-0.28.0-cp39-cp39-musllinux_1_1_x86_64.whl", hash = "sha256:e9c433f6fcdd61c21a715ee9128a3ca48be8ac16fa07be69262f016bb0f4dbd2"},
    {file = "asyncpg-0.28.0-cp39-cp39-win32.whl", hash = "sha256:41e97248d9076bc8e4849da9e33e051be7ba37cd507cbd51dfe4b2d99c70e3dc"},
    {file = "asyncpg-0.28.0-cp39-cp39-win_amd64.whl", hash = "sha256:3ed77f00c6aacfe9d79e9eff9e21729ce92a4b38e80ea99a58ed382f42ebd55b"},
    {file = "asyncpg-0.28.0.tar.gz", hash = "sha256:7252cdc3acb2f52feaa3664280d3bcd78a46bd6c10bfd681acfffefa1120e278"},
]

[package.extras]
docs = ["Sphinx (>=5.3.0,<5.4.0)", "sphinx-rtd-theme (>=1.2.2)", "sphinxcontrib-asyncio (>=0.3.0,<0.4.0)"]
test = ["flake8 (>=5.0,<6.0)", "uvloop (>=0.15.3)"]

[[package]]
name = "click"
version = "8.1.7"
description = "Composable command line interface toolkit"
category = "main"
optional = false
python-versions = ">=3.7"
files = [
    {file = "click-8.1.7-py3-none-any.whl", hash = "sha256:ae74fb96c20a0277a1d615f1e4d73c8414f5a98db8b799a7931d1582f3390c28"},
    {file = "click-8.1.7.tar.gz", hash = "sha256:ca9853ad459e787e2192211578cc907e7594e294c7ccc834310722b41b9ca6de"},
]

[package.dependencies]
colorama = {version = "*", markers = "platform_system == \"Windows\""}

[[package]]
name = "colorama"
version = "0.4.6"
description = "Cross-platform colored terminal text."
category = "main"
optional = false
python-versions = "!=3.0.*,!=3.1.*,!=3.2.*,!=3.3.*,!=3.4.*,!=3.5.*,!=3.6.*,>=2.7"
files = [
    {file = "colorama-0.4.6-py2.py3-none-any.whl", hash = "sha256:4f1d9991f5acc0ca119f9d443620b77f9d6b33703e51011c16baf57afb285fc6"},
    {file = "colorama-0.4.6.tar.gz", hash = "sha256:08695f5cb7ed6e0531a20572697297273c47b8cae5a63ffc6d6ed5c201be6e44"},
]

[[package]]
name = "dnspython"
version = "2.4.2"
description = "DNS toolkit"
category = "main"
optional = false
python-versions = ">=3.8,<4.0"
files = [
    {file = "dnspython-2.4.2-py3-none-any.whl", hash = "sha256:57c6fbaaeaaf39c891292012060beb141791735dbb4004798328fc2c467402d8"},
    {file = "dnspython-2.4.2.tar.gz", hash = "sha256:8dcfae8c7460a2f84b4072e26f1c9f4101ca20c071649cb7c34e8b6a93d58984"},
]

[package.extras]
dnssec = ["cryptography (>=2.6,<42.0)"]
doh = ["h2 (>=4.1.0)", "httpcore (>=0.17.3)", "httpx (>=0.24.1)"]
doq = ["aioquic (>=0.9.20)"]
idna = ["idna (>=2.1,<4.0)"]
trio = ["trio (>=0.14,<0.23)"]
wmi = ["wmi (>=1.5.1,<2.0.0)"]

[[package]]
name = "email-validator"
version = "2.0.0.post2"
description = "A robust email address syntax and deliverability validation library."
category = "main"
optional = false
python-versions = ">=3.7"
files = [
    {file = "email_validator-2.0.0.post2-py3-none-any.whl", hash = "sha256:2466ba57cda361fb7309fd3d5a225723c788ca4bbad32a0ebd5373b99730285c"},
    {file = "email_validator-2.0.0.post2.tar.gz", hash = "sha256:1ff6e86044200c56ae23595695c54e9614f4a9551e0e393614f764860b3d7900"},
]

[package.dependencies]
dnspython = ">=2.0.0"
idna = ">=2.0.0"

[[package]]
name = "fastapi"
version = "0.103.1"
description = "FastAPI framework, high performance, easy to learn, fast to code, ready for production"
category = "main"
optional = false
python-versions = ">=3.7"
files = [
    {file = "fastapi-0.103.1-py3-none-any.whl", hash = "sha256:5e5f17e826dbd9e9b5a5145976c5cd90bcaa61f2bf9a69aca423f2bcebe44d83"},
    {file = "fastapi-0.103.1.tar.gz", hash = "sha256:345844e6a82062f06a096684196aaf96c1198b25c06b72c1311b882aa2d8a35d"},
]

[package.dependencies]
anyio = ">=3.7.1,<4.0.0"
pydantic = ">=1.7.4,<1.8 || >1.8,<1.8.1 || >1.8.1,<2.0.0 || >2.0.0,<2.0.1 || >2.0.1,<2.1.0 || >2.1.0,<3.0.0"
starlette = ">=0.27.0,<0.28.0"
typing-extensions = ">=4.5.0"

[package.extras]
all = ["email-validator (>=2.0.0)", "httpx (>=0.23.0)", "itsdangerous (>=1.1.0)", "jinja2 (>=2.11.2)", "orjson (>=3.2.1)", "pydantic-extra-types (>=2.0.0)", "pydantic-settings (>=2.0.0)", "python-multipart (>=0.0.5)", "pyyaml (>=5.3.1)", "ujson (>=4.0.1,!=4.0.2,!=4.1.0,!=4.2.0,!=4.3.0,!=5.0.0,!=5.1.0)", "uvicorn[standard] (>=0.12.0)"]

[[package]]
name = "greenlet"
version = "2.0.2"
description = "Lightweight in-process concurrent programming"
category = "main"
optional = false
python-versions = ">=2.7,!=3.0.*,!=3.1.*,!=3.2.*,!=3.3.*,!=3.4.*"
files = [
    {file = "greenlet-2.0.2-cp27-cp27m-macosx_10_14_x86_64.whl", hash = "sha256:bdfea8c661e80d3c1c99ad7c3ff74e6e87184895bbaca6ee8cc61209f8b9b85d"},
    {file = "greenlet-2.0.2-cp27-cp27m-manylinux2010_x86_64.whl", hash = "sha256:9d14b83fab60d5e8abe587d51c75b252bcc21683f24699ada8fb275d7712f5a9"},
    {file = "greenlet-2.0.2-cp27-cp27m-win32.whl", hash = "sha256:6c3acb79b0bfd4fe733dff8bc62695283b57949ebcca05ae5c129eb606ff2d74"},
    {file = "greenlet-2.0.2-cp27-cp27m-win_amd64.whl", hash = "sha256:283737e0da3f08bd637b5ad058507e578dd462db259f7f6e4c5c365ba4ee9343"},
    {file = "greenlet-2.0.2-cp27-cp27mu-manylinux2010_x86_64.whl", hash = "sha256:d27ec7509b9c18b6d73f2f5ede2622441de812e7b1a80bbd446cb0633bd3d5ae"},
    {file = "greenlet-2.0.2-cp310-cp310-macosx_11_0_x86_64.whl", hash = "sha256:30bcf80dda7f15ac77ba5af2b961bdd9dbc77fd4ac6105cee85b0d0a5fcf74df"},
    {file = "greenlet-2.0.2-cp310-cp310-manylinux_2_17_aarch64.manylinux2014_aarch64.whl", hash = "sha256:26fbfce90728d82bc9e6c38ea4d038cba20b7faf8a0ca53a9c07b67318d46088"},
    {file = "greenlet-2.0.2-cp310-cp310-manylinux_2_17_ppc64le.manylinux2014_ppc64le.whl", hash = "sha256:9190f09060ea4debddd24665d6804b995a9c122ef5917ab26e1566dcc712ceeb"},
    {file = "greenlet-2.0.2-cp310-cp310-manylinux_2_17_x86_64.manylinux2014_x86_64.whl", hash = "sha256:d75209eed723105f9596807495d58d10b3470fa6732dd6756595e89925ce2470"},
    {file = "greenlet-2.0.2-cp310-cp310-musllinux_1_1_aarch64.whl", hash = "sha256:3a51c9751078733d88e013587b108f1b7a1fb106d402fb390740f002b6f6551a"},
    {file = "greenlet-2.0.2-cp310-cp310-musllinux_1_1_x86_64.whl", hash = "sha256:76ae285c8104046b3a7f06b42f29c7b73f77683df18c49ab5af7983994c2dd91"},
    {file = "greenlet-2.0.2-cp310-cp310-win_amd64.whl", hash = "sha256:2d4686f195e32d36b4d7cf2d166857dbd0ee9f3d20ae349b6bf8afc8485b3645"},
    {file = "greenlet-2.0.2-cp311-cp311-macosx_10_9_universal2.whl", hash = "sha256:c4302695ad8027363e96311df24ee28978162cdcdd2006476c43970b384a244c"},
    {file = "greenlet-2.0.2-cp311-cp311-manylinux_2_17_aarch64.manylinux2014_aarch64.whl", hash = "sha256:c48f54ef8e05f04d6eff74b8233f6063cb1ed960243eacc474ee73a2ea8573ca"},
    {file = "greenlet-2.0.2-cp311-cp311-manylinux_2_17_ppc64le.manylinux2014_ppc64le.whl", hash = "sha256:a1846f1b999e78e13837c93c778dcfc3365902cfb8d1bdb7dd73ead37059f0d0"},
    {file = "greenlet-2.0.2-cp311-cp311-manylinux_2_17_x86_64.manylinux2014_x86_64.whl", hash = "sha256:3a06ad5312349fec0ab944664b01d26f8d1f05009566339ac6f63f56589bc1a2"},
    {file = "greenlet-2.0.2-cp311-cp311-musllinux_1_1_aarch64.whl", hash = "sha256:eff4eb9b7eb3e4d0cae3d28c283dc16d9bed6b193c2e1ace3ed86ce48ea8df19"},
    {file = "greenlet-2.0.2-cp311-cp311-musllinux_1_1_x86_64.whl", hash = "sha256:5454276c07d27a740c5892f4907c86327b632127dd9abec42ee62e12427ff7e3"},
    {file = "greenlet-2.0.2-cp311-cp311-win_amd64.whl", hash = "sha256:7cafd1208fdbe93b67c7086876f061f660cfddc44f404279c1585bbf3cdc64c5"},
    {file = "greenlet-2.0.2-cp35-cp35m-macosx_10_14_x86_64.whl", hash = "sha256:910841381caba4f744a44bf81bfd573c94e10b3045ee00de0cbf436fe50673a6"},
    {file = "greenlet-2.0.2-cp35-cp35m-manylinux2010_x86_64.whl", hash = "sha256:18a7f18b82b52ee85322d7a7874e676f34ab319b9f8cce5de06067384aa8ff43"},
    {file = "greenlet-2.0.2-cp35-cp35m-win32.whl", hash = "sha256:03a8f4f3430c3b3ff8d10a2a86028c660355ab637cee9333d63d66b56f09d52a"},
    {file = "greenlet-2.0.2-cp35-cp35m-win_amd64.whl", hash = "sha256:4b58adb399c4d61d912c4c331984d60eb66565175cdf4a34792cd9600f21b394"},
    {file = "greenlet-2.0.2-cp36-cp36m-macosx_10_14_x86_64.whl", hash = "sha256:703f18f3fda276b9a916f0934d2fb6d989bf0b4fb5a64825260eb9bfd52d78f0"},
    {file = "greenlet-2.0.2-cp36-cp36m-manylinux2010_x86_64.whl", hash = "sha256:32e5b64b148966d9cccc2c8d35a671409e45f195864560829f395a54226408d3"},
    {file = "greenlet-2.0.2-cp36-cp36m-manylinux_2_17_aarch64.manylinux2014_aarch64.whl", hash = "sha256:2dd11f291565a81d71dab10b7033395b7a3a5456e637cf997a6f33ebdf06f8db"},
    {file = "greenlet-2.0.2-cp36-cp36m-manylinux_2_17_ppc64le.manylinux2014_ppc64le.whl", hash = "sha256:e0f72c9ddb8cd28532185f54cc1453f2c16fb417a08b53a855c4e6a418edd099"},
    {file = "greenlet-2.0.2-cp36-cp36m-manylinux_2_17_x86_64.manylinux2014_x86_64.whl", hash = "sha256:cd021c754b162c0fb55ad5d6b9d960db667faad0fa2ff25bb6e1301b0b6e6a75"},
    {file = "greenlet-2.0.2-cp36-cp36m-musllinux_1_1_aarch64.whl", hash = "sha256:3c9b12575734155d0c09d6c3e10dbd81665d5c18e1a7c6597df72fd05990c8cf"},
    {file = "greenlet-2.0.2-cp36-cp36m-musllinux_1_1_x86_64.whl", hash = "sha256:b9ec052b06a0524f0e35bd8790686a1da006bd911dd1ef7d50b77bfbad74e292"},
    {file = "greenlet-2.0.2-cp36-cp36m-win32.whl", hash = "sha256:dbfcfc0218093a19c252ca8eb9aee3d29cfdcb586df21049b9d777fd32c14fd9"},
    {file = "greenlet-2.0.2-cp36-cp36m-win_amd64.whl", hash = "sha256:9f35ec95538f50292f6d8f2c9c9f8a3c6540bbfec21c9e5b4b751e0a7c20864f"},
    {file = "greenlet-2.0.2-cp37-cp37m-macosx_10_15_x86_64.whl", hash = "sha256:d5508f0b173e6aa47273bdc0a0b5ba055b59662ba7c7ee5119528f466585526b"},
    {file = "greenlet-2.0.2-cp37-cp37m-manylinux2010_x86_64.whl", hash = "sha256:f82d4d717d8ef19188687aa32b8363e96062911e63ba22a0cff7802a8e58e5f1"},
    {file = "greenlet-2.0.2-cp37-cp37m-manylinux_2_17_aarch64.manylinux2014_aarch64.whl", hash = "sha256:c9c59a2120b55788e800d82dfa99b9e156ff8f2227f07c5e3012a45a399620b7"},
    {file = "greenlet-2.0.2-cp37-cp37m-manylinux_2_17_ppc64le.manylinux2014_ppc64le.whl", hash = "sha256:2780572ec463d44c1d3ae850239508dbeb9fed38e294c68d19a24d925d9223ca"},
    {file = "greenlet-2.0.2-cp37-cp37m-manylinux_2_17_x86_64.manylinux2014_x86_64.whl", hash = "sha256:937e9020b514ceedb9c830c55d5c9872abc90f4b5862f89c0887033ae33c6f73"},
    {file = "greenlet-2.0.2-cp37-cp37m-musllinux_1_1_aarch64.whl", hash = "sha256:36abbf031e1c0f79dd5d596bfaf8e921c41df2bdf54ee1eed921ce1f52999a86"},
    {file = "greenlet-2.0.2-cp37-cp37m-musllinux_1_1_x86_64.whl", hash = "sha256:18e98fb3de7dba1c0a852731c3070cf022d14f0d68b4c87a19cc1016f3bb8b33"},
    {file = "greenlet-2.0.2-cp37-cp37m-win32.whl", hash = "sha256:3f6ea9bd35eb450837a3d80e77b517ea5bc56b4647f5502cd28de13675ee12f7"},
    {file = "greenlet-2.0.2-cp37-cp37m-win_amd64.whl", hash = "sha256:7492e2b7bd7c9b9916388d9df23fa49d9b88ac0640db0a5b4ecc2b653bf451e3"},
    {file = "greenlet-2.0.2-cp38-cp38-macosx_10_15_x86_64.whl", hash = "sha256:b864ba53912b6c3ab6bcb2beb19f19edd01a6bfcbdfe1f37ddd1778abfe75a30"},
    {file = "greenlet-2.0.2-cp38-cp38-manylinux2010_x86_64.whl", hash = "sha256:ba2956617f1c42598a308a84c6cf021a90ff3862eddafd20c3333d50f0edb45b"},
    {file = "greenlet-2.0.2-cp38-cp38-manylinux_2_17_aarch64.manylinux2014_aarch64.whl", hash = "sha256:fc3a569657468b6f3fb60587e48356fe512c1754ca05a564f11366ac9e306526"},
    {file = "greenlet-2.0.2-cp38-cp38-manylinux_2_17_ppc64le.manylinux2014_ppc64le.whl", hash = "sha256:8eab883b3b2a38cc1e050819ef06a7e6344d4a990d24d45bc6f2cf959045a45b"},
    {file = "greenlet-2.0.2-cp38-cp38-manylinux_2_17_x86_64.manylinux2014_x86_64.whl", hash = "sha256:acd2162a36d3de67ee896c43effcd5ee3de247eb00354db411feb025aa319857"},
    {file = "greenlet-2.0.2-cp38-cp38-musllinux_1_1_aarch64.whl", hash = "sha256:0bf60faf0bc2468089bdc5edd10555bab6e85152191df713e2ab1fcc86382b5a"},
    {file = "greenlet-2.0.2-cp38-cp38-musllinux_1_1_x86_64.whl", hash = "sha256:b0ef99cdbe2b682b9ccbb964743a6aca37905fda5e0452e5ee239b1654d37f2a"},
    {file = "greenlet-2.0.2-cp38-cp38-win32.whl", hash = "sha256:b80f600eddddce72320dbbc8e3784d16bd3fb7b517e82476d8da921f27d4b249"},
    {file = "greenlet-2.0.2-cp38-cp38-win_amd64.whl", hash = "sha256:4d2e11331fc0c02b6e84b0d28ece3a36e0548ee1a1ce9ddde03752d9b79bba40"},
    {file = "greenlet-2.0.2-cp39-cp39-macosx_11_0_x86_64.whl", hash = "sha256:88d9ab96491d38a5ab7c56dd7a3cc37d83336ecc564e4e8816dbed12e5aaefc8"},
    {file = "greenlet-2.0.2-cp39-cp39-manylinux2010_x86_64.whl", hash = "sha256:561091a7be172ab497a3527602d467e2b3fbe75f9e783d8b8ce403fa414f71a6"},
    {file = "greenlet-2.0.2-cp39-cp39-manylinux_2_17_aarch64.manylinux2014_aarch64.whl", hash = "sha256:971ce5e14dc5e73715755d0ca2975ac88cfdaefcaab078a284fea6cfabf866df"},
    {file = "greenlet-2.0.2-cp39-cp39-manylinux_2_17_ppc64le.manylinux2014_ppc64le.whl", hash = "sha256:be4ed120b52ae4d974aa40215fcdfde9194d63541c7ded40ee12eb4dda57b76b"},
    {file = "greenlet-2.0.2-cp39-cp39-manylinux_2_17_x86_64.manylinux2014_x86_64.whl", hash = "sha256:94c817e84245513926588caf1152e3b559ff794d505555211ca041f032abbb6b"},
    {file = "greenlet-2.0.2-cp39-cp39-musllinux_1_1_aarch64.whl", hash = "sha256:1a819eef4b0e0b96bb0d98d797bef17dc1b4a10e8d7446be32d1da33e095dbb8"},
    {file = "greenlet-2.0.2-cp39-cp39-musllinux_1_1_x86_64.whl", hash = "sha256:7efde645ca1cc441d6dc4b48c0f7101e8d86b54c8530141b09fd31cef5149ec9"},
    {file = "greenlet-2.0.2-cp39-cp39-win32.whl", hash = "sha256:ea9872c80c132f4663822dd2a08d404073a5a9b5ba6155bea72fb2a79d1093b5"},
    {file = "greenlet-2.0.2-cp39-cp39-win_amd64.whl", hash = "sha256:db1a39669102a1d8d12b57de2bb7e2ec9066a6f2b3da35ae511ff93b01b5d564"},
    {file = "greenlet-2.0.2.tar.gz", hash = "sha256:e7c8dc13af7db097bed64a051d2dd49e9f0af495c26995c00a9ee842690d34c0"},
]

[package.extras]
docs = ["Sphinx", "docutils (<0.18)"]
test = ["objgraph", "psutil"]

[[package]]
name = "h11"
version = "0.14.0"
description = "A pure-Python, bring-your-own-I/O implementation of HTTP/1.1"
category = "main"
optional = false
python-versions = ">=3.7"
files = [
    {file = "h11-0.14.0-py3-none-any.whl", hash = "sha256:e3fe4ac4b851c468cc8363d500db52c2ead036020723024a109d37346efaa761"},
    {file = "h11-0.14.0.tar.gz", hash = "sha256:8f19fbbe99e72420ff35c00b27a34cb9937e902a8b810e2c88300c6f0a3b699d"},
]

[[package]]
name = "idna"
version = "3.4"
description = "Internationalized Domain Names in Applications (IDNA)"
category = "main"
optional = false
python-versions = ">=3.5"
files = [
    {file = "idna-3.4-py3-none-any.whl", hash = "sha256:90b77e79eaa3eba6de819a0c442c0b4ceefc341a7a2ab77d7562bf49f425c5c2"},
    {file = "idna-3.4.tar.gz", hash = "sha256:814f528e8dead7d329833b91c5faa87d60bf71824cd12a7530b5526063d02cb4"},
]

[[package]]
name = "loguru"
version = "0.7.2"
description = "Python logging made (stupidly) simple"
category = "main"
optional = false
python-versions = ">=3.5"
files = [
    {file = "loguru-0.7.2-py3-none-any.whl", hash = "sha256:003d71e3d3ed35f0f8984898359d65b79e5b21943f78af86aa5491210429b8eb"},
    {file = "loguru-0.7.2.tar.gz", hash = "sha256:e671a53522515f34fd406340ee968cb9ecafbc4b36c679da03c18fd8d0bd51ac"},
]

[package.dependencies]
colorama = {version = ">=0.3.4", markers = "sys_platform == \"win32\""}
win32-setctime = {version = ">=1.0.0", markers = "sys_platform == \"win32\""}

[package.extras]
dev = ["Sphinx (==7.2.5)", "colorama (==0.4.5)", "colorama (==0.4.6)", "exceptiongroup (==1.1.3)", "freezegun (==1.1.0)", "freezegun (==1.2.2)", "mypy (==v0.910)", "mypy (==v0.971)", "mypy (==v1.4.1)", "mypy (==v1.5.1)", "pre-commit (==3.4.0)", "pytest (==6.1.2)", "pytest (==7.4.0)", "pytest-cov (==2.12.1)", "pytest-cov (==4.1.0)", "pytest-mypy-plugins (==1.9.3)", "pytest-mypy-plugins (==3.0.0)", "sphinx-autobuild (==2021.3.14)", "sphinx-rtd-theme (==1.3.0)", "tox (==3.27.1)", "tox (==4.11.0)"]

[[package]]
name = "motor"
version = "3.3.1"
description = "Non-blocking MongoDB driver for Tornado or asyncio"
category = "main"
optional = false
python-versions = ">=3.7"
files = [
    {file = "motor-3.3.1-py3-none-any.whl", hash = "sha256:a0dee83ad0d47b353932ac37467ba397b1e649ce7e3eea7f5a90554883d7cdbe"},
    {file = "motor-3.3.1.tar.gz", hash = "sha256:c5eb400e27d722a3db03a9826656b6d13acf9b6c70c2fb4604f474eac9da5be4"},
]

[package.dependencies]
pymongo = ">=4.5,<5"

[package.extras]
aws = ["pymongo[aws] (>=4.5,<5)"]
encryption = ["pymongo[encryption] (>=4.5,<5)"]
gssapi = ["pymongo[gssapi] (>=4.5,<5)"]
ocsp = ["pymongo[ocsp] (>=4.5,<5)"]
snappy = ["pymongo[snappy] (>=4.5,<5)"]
srv = ["pymongo[srv] (>=4.5,<5)"]
test = ["aiohttp", "mockupdb", "motor[encryption]", "pytest (>=7)", "tornado (>=5)"]
zstd = ["pymongo[zstd] (>=4.5,<5)"]

[[package]]
name = "pydantic"
version = "1.10.2"
description = "Data validation and settings management using python type hints"
category = "main"
optional = false
python-versions = ">=3.7"
files = [
    {file = "pydantic-1.10.2-cp310-cp310-macosx_10_9_x86_64.whl", hash = "sha256:bb6ad4489af1bac6955d38ebcb95079a836af31e4c4f74aba1ca05bb9f6027bd"},
    {file = "pydantic-1.10.2-cp310-cp310-macosx_11_0_arm64.whl", hash = "sha256:a1f5a63a6dfe19d719b1b6e6106561869d2efaca6167f84f5ab9347887d78b98"},
    {file = "pydantic-1.10.2-cp310-cp310-manylinux_2_17_x86_64.manylinux2014_x86_64.whl", hash = "sha256:352aedb1d71b8b0736c6d56ad2bd34c6982720644b0624462059ab29bd6e5912"},
    {file = "pydantic-1.10.2-cp310-cp310-manylinux_2_5_i686.manylinux1_i686.manylinux_2_17_i686.manylinux2014_i686.whl", hash = "sha256:19b3b9ccf97af2b7519c42032441a891a5e05c68368f40865a90eb88833c2559"},
    {file = "pydantic-1.10.2-cp310-cp310-musllinux_1_1_i686.whl", hash = "sha256:e9069e1b01525a96e6ff49e25876d90d5a563bc31c658289a8772ae186552236"},
    {file = "pydantic-1.10.2-cp310-cp310-musllinux_1_1_x86_64.whl", hash = "sha256:355639d9afc76bcb9b0c3000ddcd08472ae75318a6eb67a15866b87e2efa168c"},
    {file = "pydantic-1.10.2-cp310-cp310-win_amd64.whl", hash = "sha256:ae544c47bec47a86bc7d350f965d8b15540e27e5aa4f55170ac6a75e5f73b644"},
    {file = "pydantic-1.10.2-cp311-cp311-macosx_10_9_x86_64.whl", hash = "sha256:a4c805731c33a8db4b6ace45ce440c4ef5336e712508b4d9e1aafa617dc9907f"},
    {file = "pydantic-1.10.2-cp311-cp311-macosx_11_0_arm64.whl", hash = "sha256:d49f3db871575e0426b12e2f32fdb25e579dea16486a26e5a0474af87cb1ab0a"},
    {file = "pydantic-1.10.2-cp311-cp311-manylinux_2_17_x86_64.manylinux2014_x86_64.whl", hash = "sha256:37c90345ec7dd2f1bcef82ce49b6235b40f282b94d3eec47e801baf864d15525"},
    {file = "pydantic-1.10.2-cp311-cp311-manylinux_2_5_i686.manylinux1_i686.manylinux_2_17_i686.manylinux2014_i686.whl", hash = "sha256:7b5ba54d026c2bd2cb769d3468885f23f43710f651688e91f5fb1edcf0ee9283"},
    {file = "pydantic-1.10.2-cp311-cp311-musllinux_1_1_i686.whl", hash = "sha256:05e00dbebbe810b33c7a7362f231893183bcc4251f3f2ff991c31d5c08240c42"},
    {file = "pydantic-1.10.2-cp311-cp311-musllinux_1_1_x86_64.whl", hash = "sha256:2d0567e60eb01bccda3a4df01df677adf6b437958d35c12a3ac3e0f078b0ee52"},
    {file = "pydantic-1.10.2-cp311-cp311-win_amd64.whl", hash = "sha256:c6f981882aea41e021f72779ce2a4e87267458cc4d39ea990729e21ef18f0f8c"},
    {file = "pydantic-1.10.2-cp37-cp37m-macosx_10_9_x86_64.whl", hash = "sha256:c4aac8e7103bf598373208f6299fa9a5cfd1fc571f2d40bf1dd1955a63d6eeb5"},
    {file = "pydantic-1.10.2-cp37-cp37m-manylinux_2_17_x86_64.manylinux2014_x86_64.whl", hash = "sha256:81a7b66c3f499108b448f3f004801fcd7d7165fb4200acb03f1c2402da73ce4c"},
    {file = "pydantic-1.10.2-cp37-cp37m-manylinux_2_5_i686.manylinux1_i686.manylinux_2_17_i686.manylinux2014_i686.whl", hash = "sha256:bedf309630209e78582ffacda64a21f96f3ed2e51fbf3962d4d488e503420254"},
    {file = "pydantic-1.10.2-cp37-cp37m-musllinux_1_1_i686.whl", hash = "sha256:9300fcbebf85f6339a02c6994b2eb3ff1b9c8c14f502058b5bf349d42447dcf5"},
    {file = "pydantic-1.10.2-cp37-cp37m-musllinux_1_1_x86_64.whl", hash = "sha256:216f3bcbf19c726b1cc22b099dd409aa371f55c08800bcea4c44c8f74b73478d"},
    {file = "pydantic-1.10.2-cp37-cp37m-win_amd64.whl", hash = "sha256:dd3f9a40c16daf323cf913593083698caee97df2804aa36c4b3175d5ac1b92a2"},
    {file = "pydantic-1.10.2-cp38-cp38-macosx_10_9_x86_64.whl", hash = "sha256:b97890e56a694486f772d36efd2ba31612739bc6f3caeee50e9e7e3ebd2fdd13"},
    {file = "pydantic-1.10.2-cp38-cp38-macosx_11_0_arm64.whl", hash = "sha256:9cabf4a7f05a776e7793e72793cd92cc865ea0e83a819f9ae4ecccb1b8aa6116"},
    {file = "pydantic-1.10.2-cp38-cp38-manylinux_2_17_x86_64.manylinux2014_x86_64.whl", hash = "sha256:06094d18dd5e6f2bbf93efa54991c3240964bb663b87729ac340eb5014310624"},
    {file = "pydantic-1.10.2-cp38-cp38-manylinux_2_5_i686.manylinux1_i686.manylinux_2_17_i686.manylinux2014_i686.whl", hash = "sha256:cc78cc83110d2f275ec1970e7a831f4e371ee92405332ebfe9860a715f8336e1"},
    {file = "pydantic-1.10.2-cp38-cp38-musllinux_1_1_i686.whl", hash = "sha256:1ee433e274268a4b0c8fde7ad9d58ecba12b069a033ecc4645bb6303c062d2e9"},
    {file = "pydantic-1.10.2-cp38-cp38-musllinux_1_1_x86_64.whl", hash = "sha256:7c2abc4393dea97a4ccbb4ec7d8658d4e22c4765b7b9b9445588f16c71ad9965"},
    {file = "pydantic-1.10.2-cp38-cp38-win_amd64.whl", hash = "sha256:0b959f4d8211fc964772b595ebb25f7652da3f22322c007b6fed26846a40685e"},
    {file = "pydantic-1.10.2-cp39-cp39-macosx_10_9_x86_64.whl", hash = "sha256:c33602f93bfb67779f9c507e4d69451664524389546bacfe1bee13cae6dc7488"},
    {file = "pydantic-1.10.2-cp39-cp39-macosx_11_0_arm64.whl", hash = "sha256:5760e164b807a48a8f25f8aa1a6d857e6ce62e7ec83ea5d5c5a802eac81bad41"},
    {file = "pydantic-1.10.2-cp39-cp39-manylinux_2_17_x86_64.manylinux2014_x86_64.whl", hash = "sha256:6eb843dcc411b6a2237a694f5e1d649fc66c6064d02b204a7e9d194dff81eb4b"},
    {file = "pydantic-1.10.2-cp39-cp39-manylinux_2_5_i686.manylinux1_i686.manylinux_2_17_i686.manylinux2014_i686.whl", hash = "sha256:4b8795290deaae348c4eba0cebb196e1c6b98bdbe7f50b2d0d9a4a99716342fe"},
    {file = "pydantic-1.10.2-cp39-cp39-musllinux_1_1_i686.whl", hash = "sha256:e0bedafe4bc165ad0a56ac0bd7695df25c50f76961da29c050712596cf092d6d"},
    {file = "pydantic-1.10.2-cp39-cp39-musllinux_1_1_x86_64.whl", hash = "sha256:2e05aed07fa02231dbf03d0adb1be1d79cabb09025dd45aa094aa8b4e7b9dcda"},
    {file = "pydantic-1.10.2-cp39-cp39-win_amd64.whl", hash = "sha256:c1ba1afb396148bbc70e9eaa8c06c1716fdddabaf86e7027c5988bae2a829ab6"},
    {file = "pydantic-1.10.2-py3-none-any.whl", hash = "sha256:1b6ee725bd6e83ec78b1aa32c5b1fa67a3a65badddde3976bca5fe4568f27709"},
    {file = "pydantic-1.10.2.tar.gz", hash = "sha256:91b8e218852ef6007c2b98cd861601c6a09f1aa32bbbb74fab5b1c33d4a1e410"},
]

[package.dependencies]
email-validator = {version = ">=1.0.3", optional = true, markers = "extra == \"email\""}
typing-extensions = ">=4.1.0"

[package.extras]
dotenv = ["python-dotenv (>=0.10.4)"]
email = ["email-validator (>=1.0.3)"]

[[package]]
name = "pymongo"
version = "4.5.0"
description = "Python driver for MongoDB <http://www.mongodb.org>"
category = "main"
optional = false
python-versions = ">=3.7"
files = [
    {file = "pymongo-4.5.0-cp310-cp310-macosx_10_9_universal2.whl", hash = "sha256:2d4fa1b01fa7e5b7bb8d312e3542e211b320eb7a4e3d8dc884327039d93cb9e0"},
    {file = "pymongo-4.5.0-cp310-cp310-manylinux1_i686.whl", hash = "sha256:dfcd2b9f510411de615ccedd47462dae80e82fdc09fe9ab0f0f32f11cf57eeb5"},
    {file = "pymongo-4.5.0-cp310-cp310-manylinux2014_aarch64.whl", hash = "sha256:3e33064f1984db412b34d51496f4ea785a9cff621c67de58e09fb28da6468a52"},
    {file = "pymongo-4.5.0-cp310-cp310-manylinux2014_i686.whl", hash = "sha256:33faa786cc907de63f745f587e9879429b46033d7d97a7b84b37f4f8f47b9b32"},
    {file = "pymongo-4.5.0-cp310-cp310-manylinux2014_ppc64le.whl", hash = "sha256:76a262c41c1a7cbb84a3b11976578a7eb8e788c4b7bfbd15c005fb6ca88e6e50"},
    {file = "pymongo-4.5.0-cp310-cp310-manylinux2014_s390x.whl", hash = "sha256:0f4b125b46fe377984fbaecf2af40ed48b05a4b7676a2ff98999f2016d66b3ec"},
    {file = "pymongo-4.5.0-cp310-cp310-manylinux2014_x86_64.whl", hash = "sha256:40d5f6e853ece9bfc01e9129b228df446f49316a4252bb1fbfae5c3c9dedebad"},
    {file = "pymongo-4.5.0-cp310-cp310-manylinux_2_17_aarch64.manylinux2014_aarch64.whl", hash = "sha256:152259f0f1a60f560323aacf463a3642a65a25557683f49cfa08c8f1ecb2395a"},
    {file = "pymongo-4.5.0-cp310-cp310-manylinux_2_17_ppc64le.manylinux2014_ppc64le.whl", hash = "sha256:6d64878d1659d2a5bdfd0f0a4d79bafe68653c573681495e424ab40d7b6d6d41"},
    {file = "pymongo-4.5.0-cp310-cp310-manylinux_2_17_s390x.manylinux2014_s390x.whl", hash = "sha256:f1bb3a62395ffe835dbef3a1cbff48fbcce709c78bd1f52e896aee990928432b"},
    {file = "pymongo-4.5.0-cp310-cp310-manylinux_2_17_x86_64.manylinux2014_x86_64.whl", hash = "sha256:fe48f50fb6348511a3268a893bfd4ab5f263f5ac220782449d03cd05964d1ae7"},
    {file = "pymongo-4.5.0-cp310-cp310-manylinux_2_5_i686.manylinux1_i686.manylinux_2_17_i686.manylinux2014_i686.whl", hash = "sha256:7591a3beea6a9a4fa3080d27d193b41f631130e3ffa76b88c9ccea123f26dc59"},
    {file = "pymongo-4.5.0-cp310-cp310-win32.whl", hash = "sha256:3a7166d57dc74d679caa7743b8ecf7dc3a1235a9fd178654dddb2b2a627ae229"},
    {file = "pymongo-4.5.0-cp310-cp310-win_amd64.whl", hash = "sha256:21b953da14549ff62ea4ae20889c71564328958cbdf880c64a92a48dda4c9c53"},
    {file = "pymongo-4.5.0-cp311-cp311-macosx_10_9_universal2.whl", hash = "sha256:ead4f19d0257a756b21ac2e0e85a37a7245ddec36d3b6008d5bfe416525967dc"},
    {file = "pymongo-4.5.0-cp311-cp311-manylinux_2_17_aarch64.manylinux2014_aarch64.whl", hash = "sha256:9aff6279e405dc953eeb540ab061e72c03cf38119613fce183a8e94f31be608f"},
    {file = "pymongo-4.5.0-cp311-cp311-manylinux_2_17_ppc64le.manylinux2014_ppc64le.whl", hash = "sha256:cd4c8d6aa91d3e35016847cbe8d73106e3d1c9a4e6578d38e2c346bfe8edb3ca"},
    {file = "pymongo-4.5.0-cp311-cp311-manylinux_2_17_s390x.manylinux2014_s390x.whl", hash = "sha256:08819da7864f9b8d4a95729b2bea5fffed08b63d3b9c15b4fea47de655766cf5"},
    {file = "pymongo-4.5.0-cp311-cp311-manylinux_2_17_x86_64.manylinux2014_x86_64.whl", hash = "sha256:a253b765b7cbc4209f1d8ee16c7287c4268d3243070bf72d7eec5aa9dfe2a2c2"},
    {file = "pymongo-4.5.0-cp311-cp311-manylinux_2_5_i686.manylinux1_i686.manylinux_2_17_i686.manylinux2014_i686.whl", hash = "sha256:8027c9063579083746147cf401a7072a9fb6829678076cd3deff28bb0e0f50c8"},
    {file = "pymongo-4.5.0-cp311-cp311-win32.whl", hash = "sha256:9d2346b00af524757576cc2406414562cced1d4349c92166a0ee377a2a483a80"},
    {file = "pymongo-4.5.0-cp311-cp311-win_amd64.whl", hash = "sha256:c3c3525ea8658ee1192cdddf5faf99b07ebe1eeaa61bf32821126df6d1b8072b"},
    {file = "pymongo-4.5.0-cp312-cp312-macosx_10_9_universal2.whl", hash = "sha256:e5a27f348909235a106a3903fc8e70f573d89b41d723a500869c6569a391cff7"},
    {file = "pymongo-4.5.0-cp312-cp312-manylinux_2_17_aarch64.manylinux2014_aarch64.whl", hash = "sha256:c9a9a39b7cac81dca79fca8c2a6479ef4c7b1aab95fad7544cc0e8fd943595a2"},
    {file = "pymongo-4.5.0-cp312-cp312-manylinux_2_17_ppc64le.manylinux2014_ppc64le.whl", hash = "sha256:496c9cbcb4951183d4503a9d7d2c1e3694aab1304262f831d5e1917e60386036"},
    {file = "pymongo-4.5.0-cp312-cp312-manylinux_2_17_s390x.manylinux2014_s390x.whl", hash = "sha256:23cc6d7eb009c688d70da186b8f362d61d5dd1a2c14a45b890bd1e91e9c451f2"},
    {file = "pymongo-4.5.0-cp312-cp312-manylinux_2_17_x86_64.manylinux2014_x86_64.whl", hash = "sha256:fff7d17d30b2cd45afd654b3fc117755c5d84506ed25fda386494e4e0a3416e1"},
    {file = "pymongo-4.5.0-cp312-cp312-manylinux_2_5_i686.manylinux1_i686.manylinux_2_17_i686.manylinux2014_i686.whl", hash = "sha256:6422b6763b016f2ef2beedded0e546d6aa6ba87910f9244d86e0ac7690f75c96"},
    {file = "pymongo-4.5.0-cp312-cp312-win32.whl", hash = "sha256:77cfff95c1fafd09e940b3fdcb7b65f11442662fad611d0e69b4dd5d17a81c60"},
    {file = "pymongo-4.5.0-cp312-cp312-win_amd64.whl", hash = "sha256:e57d859b972c75ee44ea2ef4758f12821243e99de814030f69a3decb2aa86807"},
    {file = "pymongo-4.5.0-cp37-cp37m-manylinux1_i686.whl", hash = "sha256:2b0176f9233a5927084c79ff80b51bd70bfd57e4f3d564f50f80238e797f0c8a"},
    {file = "pymongo-4.5.0-cp37-cp37m-manylinux1_x86_64.whl", hash = "sha256:89b3f2da57a27913d15d2a07d58482f33d0a5b28abd20b8e643ab4d625e36257"},
    {file = "pymongo-4.5.0-cp37-cp37m-manylinux2014_aarch64.whl", hash = "sha256:5caee7bd08c3d36ec54617832b44985bd70c4cbd77c5b313de6f7fce0bb34f93"},
    {file = "pymongo-4.5.0-cp37-cp37m-manylinux2014_i686.whl", hash = "sha256:1d40ad09d9f5e719bc6f729cc6b17f31c0b055029719406bd31dde2f72fca7e7"},
    {file = "pymongo-4.5.0-cp37-cp37m-manylinux2014_ppc64le.whl", hash = "sha256:076afa0a4a96ca9f77fec0e4a0d241200b3b3a1766f8d7be9a905ecf59a7416b"},
    {file = "pymongo-4.5.0-cp37-cp37m-manylinux2014_s390x.whl", hash = "sha256:3fa3648e4f1e63ddfe53563ee111079ea3ab35c3b09cd25bc22dadc8269a495f"},
    {file = "pymongo-4.5.0-cp37-cp37m-manylinux2014_x86_64.whl", hash = "sha256:44ee985194c426ddf781fa784f31ffa29cb59657b2dba09250a4245431847d73"},
    {file = "pymongo-4.5.0-cp37-cp37m-manylinux_2_17_aarch64.manylinux2014_aarch64.whl", hash = "sha256:b33c17d9e694b66d7e96977e9e56df19d662031483efe121a24772a44ccbbc7e"},
    {file = "pymongo-4.5.0-cp37-cp37m-manylinux_2_17_ppc64le.manylinux2014_ppc64le.whl", hash = "sha256:3d79ae3bb1ff041c0db56f138c88ce1dfb0209f3546d8d6e7c3f74944ecd2439"},
    {file = "pymongo-4.5.0-cp37-cp37m-manylinux_2_17_s390x.manylinux2014_s390x.whl", hash = "sha256:d67225f05f6ea27c8dc57f3fa6397c96d09c42af69d46629f71e82e66d33fa4f"},
    {file = "pymongo-4.5.0-cp37-cp37m-manylinux_2_17_x86_64.manylinux2014_x86_64.whl", hash = "sha256:41771b22dd2822540f79a877c391283d4e6368125999a5ec8beee1ce566f3f82"},
    {file = "pymongo-4.5.0-cp37-cp37m-manylinux_2_5_i686.manylinux1_i686.manylinux_2_17_i686.manylinux2014_i686.whl", hash = "sha256:0a1f26bc1f5ce774d99725773901820dfdfd24e875028da4a0252a5b48dcab5c"},
    {file = "pymongo-4.5.0-cp37-cp37m-manylinux_2_5_i686.manylinux1_i686.whl", hash = "sha256:3236cf89d69679eaeb9119c840f5c7eb388a2110b57af6bb6baf01a1da387c18"},
    {file = "pymongo-4.5.0-cp37-cp37m-manylinux_2_5_x86_64.manylinux1_x86_64.whl", hash = "sha256:e1f61355c821e870fb4c17cdb318669cfbcf245a291ce5053b41140870c3e5cc"},
    {file = "pymongo-4.5.0-cp37-cp37m-win32.whl", hash = "sha256:49dce6957598975d8b8d506329d2a3a6c4aee911fa4bbcf5e52ffc6897122950"},
    {file = "pymongo-4.5.0-cp37-cp37m-win_amd64.whl", hash = "sha256:f2227a08b091bd41df5aadee0a5037673f691e2aa000e1968b1ea2342afc6880"},
    {file = "pymongo-4.5.0-cp38-cp38-macosx_11_0_universal2.whl", hash = "sha256:435228d3c16a375274ac8ab9c4f9aef40c5e57ddb8296e20ecec9e2461da1017"},
    {file = "pymongo-4.5.0-cp38-cp38-manylinux1_i686.whl", hash = "sha256:8e559116e4128630ad3b7e788e2e5da81cbc2344dee246af44471fa650486a70"},
    {file = "pymongo-4.5.0-cp38-cp38-manylinux1_x86_64.whl", hash = "sha256:840eaf30ccac122df260b6005f9dfae4ac287c498ee91e3e90c56781614ca238"},
    {file = "pymongo-4.5.0-cp38-cp38-manylinux2014_aarch64.whl", hash = "sha256:b4fe46b58010115514b842c669a0ed9b6a342017b15905653a5b1724ab80917f"},
    {file = "pymongo-4.5.0-cp38-cp38-manylinux2014_i686.whl", hash = "sha256:a8127437ebc196a6f5e8fddd746bd0903a400dc6b5ae35df672dd1ccc7170a2a"},
    {file = "pymongo-4.5.0-cp38-cp38-manylinux2014_ppc64le.whl", hash = "sha256:2988ef5e6b360b3ff1c6d55c53515499de5f48df31afd9f785d788cdacfbe2d3"},
    {file = "pymongo-4.5.0-cp38-cp38-manylinux2014_s390x.whl", hash = "sha256:e249190b018d63c901678053b4a43e797ca78b93fb6d17633e3567d4b3ec6107"},
    {file = "pymongo-4.5.0-cp38-cp38-manylinux2014_x86_64.whl", hash = "sha256:1240edc1a448d4ada4bf1a0e55550b6292420915292408e59159fd8bbdaf8f63"},
    {file = "pymongo-4.5.0-cp38-cp38-manylinux_2_17_aarch64.manylinux2014_aarch64.whl", hash = "sha256:b6d2a56fc2354bb6378f3634402eec788a8f3facf0b3e7d468db5f2b5a78d763"},
    {file = "pymongo-4.5.0-cp38-cp38-manylinux_2_17_ppc64le.manylinux2014_ppc64le.whl", hash = "sha256:2a0aade2b11dc0c326ccd429ee4134d2d47459ff68d449c6d7e01e74651bd255"},
    {file = "pymongo-4.5.0-cp38-cp38-manylinux_2_17_s390x.manylinux2014_s390x.whl", hash = "sha256:74c0da07c04d0781490b2915e7514b1adb265ef22af039a947988c331ee7455b"},
    {file = "pymongo-4.5.0-cp38-cp38-manylinux_2_17_x86_64.manylinux2014_x86_64.whl", hash = "sha256:f3754acbd7efc7f1b529039fcffc092a15e1cf045e31f22f6c9c5950c613ec4d"},
    {file = "pymongo-4.5.0-cp38-cp38-manylinux_2_5_i686.manylinux1_i686.manylinux_2_17_i686.manylinux2014_i686.whl", hash = "sha256:631492573a1bef2f74f9ac0f9d84e0ce422c251644cd81207530af4aa2ee1980"},
    {file = "pymongo-4.5.0-cp38-cp38-manylinux_2_5_i686.manylinux1_i686.whl", hash = "sha256:e2654d1278384cff75952682d17c718ecc1ad1d6227bb0068fd826ba47d426a5"},
    {file = "pymongo-4.5.0-cp38-cp38-manylinux_2_5_x86_64.manylinux1_x86_64.whl", hash = "sha256:168172ef7856e20ec024fe2a746bfa895c88b32720138e6438fd765ebd2b62dd"},
    {file = "pymongo-4.5.0-cp38-cp38-win32.whl", hash = "sha256:b25f7bea162b3dbec6d33c522097ef81df7c19a9300722fa6853f5b495aecb77"},
    {file = "pymongo-4.5.0-cp38-cp38-win_amd64.whl", hash = "sha256:b520aafc6cb148bac09ccf532f52cbd31d83acf4d3e5070d84efe3c019a1adbf"},
    {file = "pymongo-4.5.0-cp39-cp39-macosx_10_9_universal2.whl", hash = "sha256:8543253adfaa0b802bfa88386db1009c6ebb7d5684d093ee4edc725007553d21"},
    {file = "pymongo-4.5.0-cp39-cp39-manylinux1_i686.whl", hash = "sha256:bc5d8c3647b8ae28e4312f1492b8f29deebd31479cd3abaa989090fb1d66db83"},
    {file = "pymongo-4.5.0-cp39-cp39-manylinux1_x86_64.whl", hash = "sha256:505f8519c4c782a61d94a17b0da50be639ec462128fbd10ab0a34889218fdee3"},
    {file = "pymongo-4.5.0-cp39-cp39-manylinux2014_aarch64.whl", hash = "sha256:53f2dda54d76a98b43a410498bd12f6034b2a14b6844ca08513733b2b20b7ad8"},
    {file = "pymongo-4.5.0-cp39-cp39-manylinux2014_i686.whl", hash = "sha256:9c04b9560872fa9a91251030c488e0a73bce9321a70f991f830c72b3f8115d0d"},
    {file = "pymongo-4.5.0-cp39-cp39-manylinux2014_ppc64le.whl", hash = "sha256:58a63a26a1e3dc481dd3a18d6d9f8bd1d576cd1ffe0d479ba7dd38b0aeb20066"},
    {file = "pymongo-4.5.0-cp39-cp39-manylinux2014_s390x.whl", hash = "sha256:f076b779aa3dc179aa3ed861be063a313ed4e48ae9f6a8370a9b1295d4502111"},
    {file = "pymongo-4.5.0-cp39-cp39-manylinux2014_x86_64.whl", hash = "sha256:1b1d7d9aabd8629a31d63cd106d56cca0e6420f38e50563278b520f385c0d86e"},
    {file = "pymongo-4.5.0-cp39-cp39-manylinux_2_17_aarch64.manylinux2014_aarch64.whl", hash = "sha256:37df8f6006286a5896d1cbc3efb8471ced42e3568d38e6cb00857277047b0d63"},
    {file = "pymongo-4.5.0-cp39-cp39-manylinux_2_17_ppc64le.manylinux2014_ppc64le.whl", hash = "sha256:56320c401f544d762fc35766936178fbceb1d9261cd7b24fbfbc8fb6f67aa8a5"},
    {file = "pymongo-4.5.0-cp39-cp39-manylinux_2_17_s390x.manylinux2014_s390x.whl", hash = "sha256:bbd705d5f3c3d1ff2d169e418bb789ff07ab3c70d567cc6ba6b72b04b9143481"},
    {file = "pymongo-4.5.0-cp39-cp39-manylinux_2_17_x86_64.manylinux2014_x86_64.whl", hash = "sha256:80a167081c75cf66b32f30e2f1eaee9365af935a86dbd76788169911bed9b5d5"},
    {file = "pymongo-4.5.0-cp39-cp39-manylinux_2_5_i686.manylinux1_i686.manylinux_2_17_i686.manylinux2014_i686.whl", hash = "sha256:4c42748ccc451dfcd9cef6c5447a7ab727351fd9747ad431db5ebb18a9b78a4d"},
    {file = "pymongo-4.5.0-cp39-cp39-manylinux_2_5_i686.manylinux1_i686.whl", hash = "sha256:cf62da7a4cdec9a4b2981fcbd5e08053edffccf20e845c0b6ec1e77eb7fab61d"},
    {file = "pymongo-4.5.0-cp39-cp39-manylinux_2_5_x86_64.manylinux1_x86_64.whl", hash = "sha256:b5bbb87fa0511bd313d9a2c90294c88db837667c2bda2ea3fa7a35b59fd93b1f"},
    {file = "pymongo-4.5.0-cp39-cp39-win32.whl", hash = "sha256:465fd5b040206f8bce7016b01d7e7f79d2fcd7c2b8e41791be9632a9df1b4999"},
    {file = "pymongo-4.5.0-cp39-cp39-win_amd64.whl", hash = "sha256:63d8019eee119df308a075b8a7bdb06d4720bf791e2b73d5ab0e7473c115d79c"},
    {file = "pymongo-4.5.0.tar.gz", hash = "sha256:681f252e43b3ef054ca9161635f81b730f4d8cadd28b3f2b2004f5a72f853982"},
]

[package.dependencies]
dnspython = ">=1.16.0,<3.0.0"

[package.extras]
aws = ["pymongo-auth-aws (<2.0.0)"]
encryption = ["certifi", "pymongo[aws]", "pymongocrypt (>=1.6.0,<2.0.0)"]
gssapi = ["pykerberos", "winkerberos (>=0.5.0)"]
ocsp = ["certifi", "cryptography (>=2.5)", "pyopenssl (>=17.2.0)", "requests (<3.0.0)", "service-identity (>=18.1.0)"]
snappy = ["python-snappy"]
zstd = ["zstandard"]

[[package]]
name = "python-dotenv"
version = "1.0.0"
description = "Read key-value pairs from a .env file and set them as environment variables"
category = "main"
optional = false
python-versions = ">=3.8"
files = [
    {file = "python-dotenv-1.0.0.tar.gz", hash = "sha256:a8df96034aae6d2d50a4ebe8216326c61c3eb64836776504fcca410e5937a3ba"},
    {file = "python_dotenv-1.0.0-py3-none-any.whl", hash = "sha256:f5971a9226b701070a4bf2c38c89e5a3f0d64de8debda981d1db98583009122a"},
]

[package.extras]
cli = ["click (>=5.0)"]

[[package]]
name = "sniffio"
version = "1.3.0"
description = "Sniff out which async library your code is running under"
category = "main"
optional = false
python-versions = ">=3.7"
files = [
    {file = "sniffio-1.3.0-py3-none-any.whl", hash = "sha256:eecefdce1e5bbfb7ad2eeaabf7c1eeb404d7757c379bd1f7e5cce9d8bf425384"},
    {file = "sniffio-1.3.0.tar.gz", hash = "sha256:e60305c5e5d314f5389259b7f22aaa33d8f7dee49763119234af3755c55b9101"},
]

[[package]]
name = "starlette"
version = "0.27.0"
description = "The little ASGI library that shines."
category = "main"
optional = false
python-versions = ">=3.7"
files = [
    {file = "starlette-0.27.0-py3-none-any.whl", hash = "sha256:918416370e846586541235ccd38a474c08b80443ed31c578a418e2209b3eef91"},
    {file = "starlette-0.27.0.tar.gz", hash = "sha256:6a6b0d042acb8d469a01eba54e9cda6cbd24ac602c4cd016723117d6a7e73b75"},
]

[package.dependencies]
anyio = ">=3.4.0,<5"

[package.extras]
full = ["httpx (>=0.22.0)", "itsdangerous", "jinja2", "python-multipart", "pyyaml"]

[[package]]
name = "typing-extensions"
version = "4.8.0"
description = "Backported and Experimental Type Hints for Python 3.8+"
category = "main"
optional = false
python-versions = ">=3.8"
files = [
    {file = "typing_extensions-4.8.0-py3-none-any.whl", hash = "sha256:8f92fc8806f9a6b641eaa5318da32b44d401efaac0f6678c9bc448ba3605faa0"},
    {file = "typing_extensions-4.8.0.tar.gz", hash = "sha256:df8e4339e9cb77357558cbdbceca33c303714cf861d1eef15e1070055ae8b7ef"},
]

[[package]]
name = "uvicorn"
version = "0.23.2"
description = "The lightning-fast ASGI server."
category = "main"
optional = false
python-versions = ">=3.8"
files = [
    {file = "uvicorn-0.23.2-py3-none-any.whl", hash = "sha256:1f9be6558f01239d4fdf22ef8126c39cb1ad0addf76c40e760549d2c2f43ab53"},
    {file = "uvicorn-0.23.2.tar.gz", hash = "sha256:4d3cc12d7727ba72b64d12d3cc7743124074c0a69f7b201512fc50c3e3f1569a"},
]

[package.dependencies]
click = ">=7.0"
h11 = ">=0.8"

[package.extras]
standard = ["colorama (>=0.4)", "httptools (>=0.5.0)", "python-dotenv (>=0.13)", "pyyaml (>=5.1)", "uvloop (>=0.14.0,!=0.15.0,!=0.15.1)", "watchfiles (>=0.13)", "websockets (>=10.4)"]

[[package]]
name = "win32-setctime"
version = "1.1.0"
description = "A small Python utility to set file creation time on Windows"
category = "main"
optional = false
python-versions = ">=3.5"
files = [
    {file = "win32_setctime-1.1.0-py3-none-any.whl", hash = "sha256:231db239e959c2fe7eb1d7dc129f11172354f98361c4fa2d6d2d7e278baa8aad"},
    {file = "win32_setctime-1.1.0.tar.gz", hash = "sha256:15cf5750465118d6929ae4de4eb46e8edae9a5634350c01ba582df868e932cb2"},
]

[package.extras]
dev = ["black (>=19.3b0)", "pytest (>=4.6.2)"]

[metadata]
lock-version = "2.0"
python-versions = "^3.11"
content-hash = "95a9beb9f3e8d9aeaaae8b005a14bf4a3700a736ec59101005b7d3447064c9b2"
